
Microsoft Visual Studio Solution File, Format Version 12.00
# Visual Studio 15
VisualStudioVersion = 15.0.28010.2016
MinimumVisualStudioVersion = 10.0.40219.1
Project("{FAE04EC0-301F-11D3-BF4B-00C04F79EFBC}") = "IfTask2", "IfTask2\IfTask2.csproj", "{EC8178C3-7B77-49C1-8B7E-BFA9C7F44922}"
EndProject
Global
	GlobalSection(SolutionConfigurationPlatforms) = preSolution
		Debug|Any CPU = Debug|Any CPU
		Release|Any CPU = Release|Any CPU
	EndGlobalSection
	GlobalSection(ProjectConfigurationPlatforms) = postSolution
		{EC8178C3-7B77-49C1-8B7E-BFA9C7F44922}.Debug|Any CPU.ActiveCfg = Debug|Any CPU
		{EC8178C3-7B77-49C1-8B7E-BFA9C7F44922}.Debug|Any CPU.Build.0 = Debug|Any CPU
		{EC8178C3-7B77-49C1-8B7E-BFA9C7F44922}.Release|Any CPU.ActiveCfg = Release|Any CPU
		{EC8178C3-7B77-49C1-8B7E-BFA9C7F44922}.Release|Any CPU.Build.0 = Release|Any CPU
	EndGlobalSection
	GlobalSection(SolutionProperties) = preSolution
		HideSolutionNode = FALSE
	EndGlobalSection
	GlobalSection(ExtensibilityGlobals) = postSolution
		SolutionGuid = {1DC245B0-0FE8-4E93-8AB5-1C1A6D7E13DB}
	EndGlobalSection
EndGlobal
