
Microsoft Visual Studio Solution File, Format Version 12.00
# Visual Studio 15
VisualStudioVersion = 15.0.28010.2016
MinimumVisualStudioVersion = 10.0.40219.1
Project("{FAE04EC0-301F-11D3-BF4B-00C04F79EFBC}") = "LoopTask1", "LoopTask1\LoopTask1.csproj", "{80DA4500-463D-45DC-8E95-F3FB7EC2D40F}"
EndProject
Global
	GlobalSection(SolutionConfigurationPlatforms) = preSolution
		Debug|Any CPU = Debug|Any CPU
		Release|Any CPU = Release|Any CPU
	EndGlobalSection
	GlobalSection(ProjectConfigurationPlatforms) = postSolution
		{80DA4500-463D-45DC-8E95-F3FB7EC2D40F}.Debug|Any CPU.ActiveCfg = Debug|Any CPU
		{80DA4500-463D-45DC-8E95-F3FB7EC2D40F}.Debug|Any CPU.Build.0 = Debug|Any CPU
		{80DA4500-463D-45DC-8E95-F3FB7EC2D40F}.Release|Any CPU.ActiveCfg = Release|Any CPU
		{80DA4500-463D-45DC-8E95-F3FB7EC2D40F}.Release|Any CPU.Build.0 = Release|Any CPU
	EndGlobalSection
	GlobalSection(SolutionProperties) = preSolution
		HideSolutionNode = FALSE
	EndGlobalSection
	GlobalSection(ExtensibilityGlobals) = postSolution
		SolutionGuid = {AAFE7206-12FB-49A4-8203-99A69CEB66E5}
	EndGlobalSection
EndGlobal
