
Microsoft Visual Studio Solution File, Format Version 12.00
# Visual Studio 15
VisualStudioVersion = 15.0.28010.2016
MinimumVisualStudioVersion = 10.0.40219.1
Project("{FAE04EC0-301F-11D3-BF4B-00C04F79EFBC}") = "Toistoharj.4.1", "Toistoharj.4.1\Toistoharj.4.1.csproj", "{381BAF84-EF20-4437-8636-07752F27769D}"
EndProject
Global
	GlobalSection(SolutionConfigurationPlatforms) = preSolution
		Debug|Any CPU = Debug|Any CPU
		Release|Any CPU = Release|Any CPU
	EndGlobalSection
	GlobalSection(ProjectConfigurationPlatforms) = postSolution
		{381BAF84-EF20-4437-8636-07752F27769D}.Debug|Any CPU.ActiveCfg = Debug|Any CPU
		{381BAF84-EF20-4437-8636-07752F27769D}.Debug|Any CPU.Build.0 = Debug|Any CPU
		{381BAF84-EF20-4437-8636-07752F27769D}.Release|Any CPU.ActiveCfg = Release|Any CPU
		{381BAF84-EF20-4437-8636-07752F27769D}.Release|Any CPU.Build.0 = Release|Any CPU
	EndGlobalSection
	GlobalSection(SolutionProperties) = preSolution
		HideSolutionNode = FALSE
	EndGlobalSection
	GlobalSection(ExtensibilityGlobals) = postSolution
		SolutionGuid = {19DE2F26-94CE-438F-B715-8E32C45173A1}
	EndGlobalSection
EndGlobal
