
Microsoft Visual Studio Solution File, Format Version 12.00
# Visual Studio 15
VisualStudioVersion = 15.0.28306.52
MinimumVisualStudioVersion = 10.0.40219.1
Project("{FAE04EC0-301F-11D3-BF4B-00C04F79EFBC}") = "StringTaskID", "StringTaskID\StringTaskID.csproj", "{CBDC3A72-8A5E-4EA1-BA60-E6BBD3E9ADE0}"
EndProject
Global
	GlobalSection(SolutionConfigurationPlatforms) = preSolution
		Debug|Any CPU = Debug|Any CPU
		Release|Any CPU = Release|Any CPU
	EndGlobalSection
	GlobalSection(ProjectConfigurationPlatforms) = postSolution
		{CBDC3A72-8A5E-4EA1-BA60-E6BBD3E9ADE0}.Debug|Any CPU.ActiveCfg = Debug|Any CPU
		{CBDC3A72-8A5E-4EA1-BA60-E6BBD3E9ADE0}.Debug|Any CPU.Build.0 = Debug|Any CPU
		{CBDC3A72-8A5E-4EA1-BA60-E6BBD3E9ADE0}.Release|Any CPU.ActiveCfg = Release|Any CPU
		{CBDC3A72-8A5E-4EA1-BA60-E6BBD3E9ADE0}.Release|Any CPU.Build.0 = Release|Any CPU
	EndGlobalSection
	GlobalSection(SolutionProperties) = preSolution
		HideSolutionNode = FALSE
	EndGlobalSection
	GlobalSection(ExtensibilityGlobals) = postSolution
		SolutionGuid = {7E603735-CE82-46AB-8527-08A1A1F9A7AB}
	EndGlobalSection
EndGlobal
