
Microsoft Visual Studio Solution File, Format Version 12.00
# Visual Studio 15
VisualStudioVersion = 15.0.28306.52
MinimumVisualStudioVersion = 10.0.40219.1
Project("{FAE04EC0-301F-11D3-BF4B-00C04F79EFBC}") = "SelfValuationTask1", "SelfValuationTask1\SelfValuationTask1.csproj", "{DB31D0E0-37BB-430F-AC5B-88CE86BA9758}"
EndProject
Global
	GlobalSection(SolutionConfigurationPlatforms) = preSolution
		Debug|Any CPU = Debug|Any CPU
		Release|Any CPU = Release|Any CPU
	EndGlobalSection
	GlobalSection(ProjectConfigurationPlatforms) = postSolution
		{DB31D0E0-37BB-430F-AC5B-88CE86BA9758}.Debug|Any CPU.ActiveCfg = Debug|Any CPU
		{DB31D0E0-37BB-430F-AC5B-88CE86BA9758}.Debug|Any CPU.Build.0 = Debug|Any CPU
		{DB31D0E0-37BB-430F-AC5B-88CE86BA9758}.Release|Any CPU.ActiveCfg = Release|Any CPU
		{DB31D0E0-37BB-430F-AC5B-88CE86BA9758}.Release|Any CPU.Build.0 = Release|Any CPU
	EndGlobalSection
	GlobalSection(SolutionProperties) = preSolution
		HideSolutionNode = FALSE
	EndGlobalSection
	GlobalSection(ExtensibilityGlobals) = postSolution
		SolutionGuid = {152709C8-E5A1-4E3F-9945-5AC1DB4DC643}
	EndGlobalSection
EndGlobal
