
Microsoft Visual Studio Solution File, Format Version 12.00
# Visual Studio 15
VisualStudioVersion = 15.0.28010.2016
MinimumVisualStudioVersion = 10.0.40219.1
Project("{FAE04EC0-301F-11D3-BF4B-00C04F79EFBC}") = "StringTask4", "StringTask4\StringTask4.csproj", "{B8948ECE-3D22-4445-B3E7-E952F202A7B8}"
EndProject
Global
	GlobalSection(SolutionConfigurationPlatforms) = preSolution
		Debug|Any CPU = Debug|Any CPU
		Release|Any CPU = Release|Any CPU
	EndGlobalSection
	GlobalSection(ProjectConfigurationPlatforms) = postSolution
		{B8948ECE-3D22-4445-B3E7-E952F202A7B8}.Debug|Any CPU.ActiveCfg = Debug|Any CPU
		{B8948ECE-3D22-4445-B3E7-E952F202A7B8}.Debug|Any CPU.Build.0 = Debug|Any CPU
		{B8948ECE-3D22-4445-B3E7-E952F202A7B8}.Release|Any CPU.ActiveCfg = Release|Any CPU
		{B8948ECE-3D22-4445-B3E7-E952F202A7B8}.Release|Any CPU.Build.0 = Release|Any CPU
	EndGlobalSection
	GlobalSection(SolutionProperties) = preSolution
		HideSolutionNode = FALSE
	EndGlobalSection
	GlobalSection(ExtensibilityGlobals) = postSolution
		SolutionGuid = {BA17B34F-8555-45DA-AF06-1490BC10E033}
	EndGlobalSection
EndGlobal
